// !$*UTF8*$!
{
	archiveVersion = 1;
	classes = {
	};
	objectVersion = 52;
	objects = {

/* Begin PBXBuildFile section */
		FF285D902653B45800EFB2B2 /* SwiftUI_WeatherAppApp.swift in Sources */ = {isa = PBXBuildFile; fileRef = FF285D8F2653B45800EFB2B2 /* SwiftUI_WeatherAppApp.swift */; };
		FF285D922653B45800EFB2B2 /* ContentView.swift in Sources */ = {isa = PBXBuildFile; fileRef = FF285D912653B45800EFB2B2 /* ContentView.swift */; };
		FF285D942653B45A00EFB2B2 /* Assets.xcassets in Resources */ = {isa = PBXBuildFile; fileRef = FF285D932653B45A00EFB2B2 /* Assets.xcassets */; };
		FF285D972653B45A00EFB2B2 /* Preview Assets.xcassets in Resources */ = {isa = PBXBuildFile; fileRef = FF285D962653B45A00EFB2B2 /* Preview Assets.xcassets */; };
		FFED2C7226564E6D00903874 /* API.swift in Sources */ = {isa = PBXBuildFile; fileRef = FFED2C7126564E6D00903874 /* API.swift */; };
		FFED2C7526564EDC00903874 /* APIExtensions.swift in Sources */ = {isa = PBXBuildFile; fileRef = FFED2C7426564EDC00903874 /* APIExtensions.swift */; };
		FFED2C782656514700903874 /* NetworkManager.swift in Sources */ = {isa = PBXBuildFile; fileRef = FFED2C772656514700903874 /* NetworkManager.swift */; };
		FFED2C7B2656567100903874 /* WeatherResponse.swift in Sources */ = {isa = PBXBuildFile; fileRef = FFED2C7A2656567100903874 /* WeatherResponse.swift */; };
		FFED2C7E265656F000903874 /* Weather.swift in Sources */ = {isa = PBXBuildFile; fileRef = FFED2C7D265656F000903874 /* Weather.swift */; };
		FFED2C812656570000903874 /* WeatherDetail.swift in Sources */ = {isa = PBXBuildFile; fileRef = FFED2C802656570000903874 /* WeatherDetail.swift */; };
		FFED2C842656570D00903874 /* DailyWeather.swift in Sources */ = {isa = PBXBuildFile; fileRef = FFED2C832656570D00903874 /* DailyWeather.swift */; };
		FFED2C872656572200903874 /* Temperature.swift in Sources */ = {isa = PBXBuildFile; fileRef = FFED2C862656572200903874 /* Temperature.swift */; };
		FFED2C8A2656648F00903874 /* CityViewViewModel.swift in Sources */ = {isa = PBXBuildFile; fileRef = FFED2C892656648F00903874 /* CityViewViewModel.swift */; };
		FFED2C8E2656756900903874 /* Lottie in Frameworks */ = {isa = PBXBuildFile; productRef = FFED2C8D2656756900903874 /* Lottie */; };
		FFED2C912656762700903874 /* LottieView.swift in Sources */ = {isa = PBXBuildFile; fileRef = FFED2C902656762700903874 /* LottieView.swift */; };
		FFED2CA52656853600903874 /* nightMist.json in Resources */ = {isa = PBXBuildFile; fileRef = FFED2C932656853400903874 /* nightMist.json */; };
		FFED2CA62656853600903874 /* nightScatteredClouds.json in Resources */ = {isa = PBXBuildFile; fileRef = FFED2C942656853400903874 /* nightScatteredClouds.json */; };
		FFED2CA72656853600903874 /* dayRain.json in Resources */ = {isa = PBXBuildFile; fileRef = FFED2C952656853500903874 /* dayRain.json */; };
		FFED2CA82656853600903874 /* dayBrokenClouds.json in Resources */ = {isa = PBXBuildFile; fileRef = FFED2C962656853500903874 /* dayBrokenClouds.json */; };
		FFED2CA92656853600903874 /* nightFewClouds.json in Resources */ = {isa = PBXBuildFile; fileRef = FFED2C972656853500903874 /* nightFewClouds.json */; };
		FFED2CAA2656853600903874 /* dayThunderstorm.json in Resources */ = {isa = PBXBuildFile; fileRef = FFED2C982656853500903874 /* dayThunderstorm.json */; };
		FFED2CAB2656853600903874 /* dayScatteredClouds.json in Resources */ = {isa = PBXBuildFile; fileRef = FFED2C992656853500903874 /* dayScatteredClouds.json */; };
		FFED2CAC2656853600903874 /* nightShowerRains.json in Resources */ = {isa = PBXBuildFile; fileRef = FFED2C9A2656853500903874 /* nightShowerRains.json */; };
		FFED2CAD2656853600903874 /* nightSnow.json in Resources */ = {isa = PBXBuildFile; fileRef = FFED2C9B2656853500903874 /* nightSnow.json */; };
		FFED2CAE2656853600903874 /* dayShowerRains.json in Resources */ = {isa = PBXBuildFile; fileRef = FFED2C9C2656853500903874 /* dayShowerRains.json */; };
		FFED2CAF2656853600903874 /* daySnow.json in Resources */ = {isa = PBXBuildFile; fileRef = FFED2C9D2656853500903874 /* daySnow.json */; };
		FFED2CB02656853600903874 /* dayClearSky.json in Resources */ = {isa = PBXBuildFile; fileRef = FFED2C9E2656853500903874 /* dayClearSky.json */; };
		FFED2CB12656853600903874 /* nightRain.json in Resources */ = {isa = PBXBuildFile; fileRef = FFED2C9F2656853500903874 /* nightRain.json */; };
		FFED2CB22656853600903874 /* dayMist.json in Resources */ = {isa = PBXBuildFile; fileRef = FFED2CA02656853500903874 /* dayMist.json */; };
		FFED2CB32656853600903874 /* dayFewClouds.json in Resources */ = {isa = PBXBuildFile; fileRef = FFED2CA12656853600903874 /* dayFewClouds.json */; };
		FFED2CB42656853600903874 /* nightBokenClouds.json in Resources */ = {isa = PBXBuildFile; fileRef = FFED2CA22656853600903874 /* nightBokenClouds.json */; };
		FFED2CB52656853600903874 /* nightClearSky.json in Resources */ = {isa = PBXBuildFile; fileRef = FFED2CA32656853600903874 /* nightClearSky.json */; };
		FFED2CB62656853600903874 /* nightThunderstorm.json in Resources */ = {isa = PBXBuildFile; fileRef = FFED2CA42656853600903874 /* nightThunderstorm.json */; };
		FFED2CBA265686F300903874 /* MenuHeaderView.swift in Sources */ = {isa = PBXBuildFile; fileRef = FFED2CB9265686F300903874 /* MenuHeaderView.swift */; };
		FFED2CBD26568A3E00903874 /* CityNameView.swift in Sources */ = {isa = PBXBuildFile; fileRef = FFED2CBC26568A3E00903874 /* CityNameView.swift */; };
		FFED2CC026568B3900903874 /* PresentDayWeatherView.swift in Sources */ = {isa = PBXBuildFile; fileRef = FFED2CBF26568B3900903874 /* PresentDayWeatherView.swift */; };
		FFED2CC326568FD600903874 /* HourlyWeatherView.swift in Sources */ = {isa = PBXBuildFile; fileRef = FFED2CC226568FD600903874 /* HourlyWeatherView.swift */; };
		FFED2CC7265693C600903874 /* DailyWeatherView.swift in Sources */ = {isa = PBXBuildFile; fileRef = FFED2CC6265693C600903874 /* DailyWeatherView.swift */; };
		FFED2CCA2656958F00903874 /* CityView.swift in Sources */ = {isa = PBXBuildFile; fileRef = FFED2CC92656958F00903874 /* CityView.swift */; };
/* End PBXBuildFile section */

/* Begin PBXFileReference section */
		FF285D8C2653B45800EFB2B2 /* SwiftUI-WeatherApp.app */ = {isa = PBXFileReference; explicitFileType = wrapper.application; includeInIndex = 0; path = "SwiftUI-WeatherApp.app"; sourceTree = BUILT_PRODUCTS_DIR; };
		FF285D8F2653B45800EFB2B2 /* SwiftUI_WeatherAppApp.swift */ = {isa = PBXFileReference; lastKnownFileType = sourcecode.swift; path = SwiftUI_WeatherAppApp.swift; sourceTree = "<group>"; };
		FF285D912653B45800EFB2B2 /* ContentView.swift */ = {isa = PBXFileReference; lastKnownFileType = sourcecode.swift; path = ContentView.swift; sourceTree = "<group>"; };
		FF285D932653B45A00EFB2B2 /* Assets.xcassets */ = {isa = PBXFileReference; lastKnownFileType = folder.assetcatalog; path = Assets.xcassets; sourceTree = "<group>"; };
		FF285D962653B45A00EFB2B2 /* Preview Assets.xcassets */ = {isa = PBXFileReference; lastKnownFileType = folder.assetcatalog; path = "Preview Assets.xcassets"; sourceTree = "<group>"; };
		FF285D982653B45A00EFB2B2 /* Info.plist */ = {isa = PBXFileReference; lastKnownFileType = text.plist.xml; path = Info.plist; sourceTree = "<group>"; };
		FFED2C7126564E6D00903874 /* API.swift */ = {isa = PBXFileReference; lastKnownFileType = sourcecode.swift; path = API.swift; sourceTree = "<group>"; };
		FFED2C7426564EDC00903874 /* APIExtensions.swift */ = {isa = PBXFileReference; lastKnownFileType = sourcecode.swift; path = APIExtensions.swift; sourceTree = "<group>"; };
		FFED2C772656514700903874 /* NetworkManager.swift */ = {isa = PBXFileReference; lastKnownFileType = sourcecode.swift; path = NetworkManager.swift; sourceTree = "<group>"; };
		FFED2C7A2656567100903874 /* WeatherResponse.swift */ = {isa = PBXFileReference; lastKnownFileType = sourcecode.swift; path = WeatherResponse.swift; sourceTree = "<group>"; };
		FFED2C7D265656F000903874 /* Weather.swift */ = {isa = PBXFileReference; lastKnownFileType = sourcecode.swift; path = Weather.swift; sourceTree = "<group>"; };
		FFED2C802656570000903874 /* WeatherDetail.swift */ = {isa = PBXFileReference; lastKnownFileType = sourcecode.swift; path = WeatherDetail.swift; sourceTree = "<group>"; };
		FFED2C832656570D00903874 /* DailyWeather.swift */ = {isa = PBXFileReference; lastKnownFileType = sourcecode.swift; path = DailyWeather.swift; sourceTree = "<group>"; };
		FFED2C862656572200903874 /* Temperature.swift */ = {isa = PBXFileReference; lastKnownFileType = sourcecode.swift; path = Temperature.swift; sourceTree = "<group>"; };
		FFED2C892656648F00903874 /* CityViewViewModel.swift */ = {isa = PBXFileReference; lastKnownFileType = sourcecode.swift; path = CityViewViewModel.swift; sourceTree = "<group>"; };
		FFED2C902656762700903874 /* LottieView.swift */ = {isa = PBXFileReference; lastKnownFileType = sourcecode.swift; path = LottieView.swift; sourceTree = "<group>"; };
		FFED2C932656853400903874 /* nightMist.json */ = {isa = PBXFileReference; fileEncoding = 4; lastKnownFileType = text.json; path = nightMist.json; sourceTree = "<group>"; };
		FFED2C942656853400903874 /* nightScatteredClouds.json */ = {isa = PBXFileReference; fileEncoding = 4; lastKnownFileType = text.json; path = nightScatteredClouds.json; sourceTree = "<group>"; };
		FFED2C952656853500903874 /* dayRain.json */ = {isa = PBXFileReference; fileEncoding = 4; lastKnownFileType = text.json; path = dayRain.json; sourceTree = "<group>"; };
		FFED2C962656853500903874 /* dayBrokenClouds.json */ = {isa = PBXFileReference; fileEncoding = 4; lastKnownFileType = text.json; path = dayBrokenClouds.json; sourceTree = "<group>"; };
		FFED2C972656853500903874 /* nightFewClouds.json */ = {isa = PBXFileReference; fileEncoding = 4; lastKnownFileType = text.json; path = nightFewClouds.json; sourceTree = "<group>"; };
		FFED2C982656853500903874 /* dayThunderstorm.json */ = {isa = PBXFileReference; fileEncoding = 4; lastKnownFileType = text.json; path = dayThunderstorm.json; sourceTree = "<group>"; };
		FFED2C992656853500903874 /* dayScatteredClouds.json */ = {isa = PBXFileReference; fileEncoding = 4; lastKnownFileType = text.json; path = dayScatteredClouds.json; sourceTree = "<group>"; };
		FFED2C9A2656853500903874 /* nightShowerRains.json */ = {isa = PBXFileReference; fileEncoding = 4; lastKnownFileType = text.json; path = nightShowerRains.json; sourceTree = "<group>"; };
		FFED2C9B2656853500903874 /* nightSnow.json */ = {isa = PBXFileReference; fileEncoding = 4; lastKnownFileType = text.json; path = nightSnow.json; sourceTree = "<group>"; };
		FFED2C9C2656853500903874 /* dayShowerRains.json */ = {isa = PBXFileReference; fileEncoding = 4; lastKnownFileType = text.json; path = dayShowerRains.json; sourceTree = "<group>"; };
		FFED2C9D2656853500903874 /* daySnow.json */ = {isa = PBXFileReference; fileEncoding = 4; lastKnownFileType = text.json; path = daySnow.json; sourceTree = "<group>"; };
		FFED2C9E2656853500903874 /* dayClearSky.json */ = {isa = PBXFileReference; fileEncoding = 4; lastKnownFileType = text.json; path = dayClearSky.json; sourceTree = "<group>"; };
		FFED2C9F2656853500903874 /* nightRain.json */ = {isa = PBXFileReference; fileEncoding = 4; lastKnownFileType = text.json; path = nightRain.json; sourceTree = "<group>"; };
		FFED2CA02656853500903874 /* dayMist.json */ = {isa = PBXFileReference; fileEncoding = 4; lastKnownFileType = text.json; path = dayMist.json; sourceTree = "<group>"; };
		FFED2CA12656853600903874 /* dayFewClouds.json */ = {isa = PBXFileReference; fileEncoding = 4; lastKnownFileType = text.json; path = dayFewClouds.json; sourceTree = "<group>"; };
		FFED2CA22656853600903874 /* nightBokenClouds.json */ = {isa = PBXFileReference; fileEncoding = 4; lastKnownFileType = text.json; path = nightBokenClouds.json; sourceTree = "<group>"; };
		FFED2CA32656853600903874 /* nightClearSky.json */ = {isa = PBXFileReference; fileEncoding = 4; lastKnownFileType = text.json; path = nightClearSky.json; sourceTree = "<group>"; };
		FFED2CA42656853600903874 /* nightThunderstorm.json */ = {isa = PBXFileReference; fileEncoding = 4; lastKnownFileType = text.json; path = nightThunderstorm.json; sourceTree = "<group>"; };
		FFED2CB9265686F300903874 /* MenuHeaderView.swift */ = {isa = PBXFileReference; lastKnownFileType = sourcecode.swift; path = MenuHeaderView.swift; sourceTree = "<group>"; };
		FFED2CBC26568A3E00903874 /* CityNameView.swift */ = {isa = PBXFileReference; lastKnownFileType = sourcecode.swift; path = CityNameView.swift; sourceTree = "<group>"; };
		FFED2CBF26568B3900903874 /* PresentDayWeatherView.swift */ = {isa = PBXFileReference; lastKnownFileType = sourcecode.swift; path = PresentDayWeatherView.swift; sourceTree = "<group>"; };
		FFED2CC226568FD600903874 /* HourlyWeatherView.swift */ = {isa = PBXFileReference; lastKnownFileType = sourcecode.swift; path = HourlyWeatherView.swift; sourceTree = "<group>"; };
		FFED2CC6265693C600903874 /* DailyWeatherView.swift */ = {isa = PBXFileReference; lastKnownFileType = sourcecode.swift; path = DailyWeatherView.swift; sourceTree = "<group>"; };
		FFED2CC92656958F00903874 /* CityView.swift */ = {isa = PBXFileReference; lastKnownFileType = sourcecode.swift; path = CityView.swift; sourceTree = "<group>"; };
/* End PBXFileReference section */

/* Begin PBXFrameworksBuildPhase section */
		FF285D892653B45800EFB2B2 /* Frameworks */ = {
			isa = PBXFrameworksBuildPhase;
			buildActionMask = 2147483647;
			files = (
				FFED2C8E2656756900903874 /* Lottie in Frameworks */,
			);
			runOnlyForDeploymentPostprocessing = 0;
		};
/* End PBXFrameworksBuildPhase section */

/* Begin PBXGroup section */
		FF285D832653B45800EFB2B2 = {
			isa = PBXGroup;
			children = (
				FF285D8E2653B45800EFB2B2 /* SwiftUI-WeatherApp */,
				FF285D8D2653B45800EFB2B2 /* Products */,
			);
			sourceTree = "<group>";
		};
		FF285D8D2653B45800EFB2B2 /* Products */ = {
			isa = PBXGroup;
			children = (
				FF285D8C2653B45800EFB2B2 /* SwiftUI-WeatherApp.app */,
			);
			name = Products;
			sourceTree = "<group>";
		};
		FF285D8E2653B45800EFB2B2 /* SwiftUI-WeatherApp */ = {
			isa = PBXGroup;
			children = (
				FFED2C6B26564D8D00903874 /* LottieAnimations */,
				FFED2C6A26564D8200903874 /* ViewModels */,
				FFED2C6926564D7A00903874 /* Views */,
				FFED2C6826564D7300903874 /* Models */,
				FFED2C6726564D5400903874 /* Network */,
				FF285D8F2653B45800EFB2B2 /* SwiftUI_WeatherAppApp.swift */,
				FF285D912653B45800EFB2B2 /* ContentView.swift */,
				FF285D932653B45A00EFB2B2 /* Assets.xcassets */,
				FF285D982653B45A00EFB2B2 /* Info.plist */,
				FF285D952653B45A00EFB2B2 /* Preview Content */,
			);
			path = "SwiftUI-WeatherApp";
			sourceTree = "<group>";
		};
		FF285D952653B45A00EFB2B2 /* Preview Content */ = {
			isa = PBXGroup;
			children = (
				FF285D962653B45A00EFB2B2 /* Preview Assets.xcassets */,
			);
			path = "Preview Content";
			sourceTree = "<group>";
		};
		FFED2C6726564D5400903874 /* Network */ = {
			isa = PBXGroup;
			children = (
				FFED2C7126564E6D00903874 /* API.swift */,
				FFED2C7426564EDC00903874 /* APIExtensions.swift */,
				FFED2C772656514700903874 /* NetworkManager.swift */,
			);
			path = Network;
			sourceTree = "<group>";
		};
		FFED2C6826564D7300903874 /* Models */ = {
			isa = PBXGroup;
			children = (
				FFED2C7A2656567100903874 /* WeatherResponse.swift */,
				FFED2C7D265656F000903874 /* Weather.swift */,
				FFED2C802656570000903874 /* WeatherDetail.swift */,
				FFED2C832656570D00903874 /* DailyWeather.swift */,
				FFED2C862656572200903874 /* Temperature.swift */,
			);
			path = Models;
			sourceTree = "<group>";
		};
		FFED2C6926564D7A00903874 /* Views */ = {
			isa = PBXGroup;
			children = (
				FFED2C902656762700903874 /* LottieView.swift */,
				FFED2CB9265686F300903874 /* MenuHeaderView.swift */,
				FFED2CBC26568A3E00903874 /* CityNameView.swift */,
				FFED2CBF26568B3900903874 /* PresentDayWeatherView.swift */,
				FFED2CC226568FD600903874 /* HourlyWeatherView.swift */,
				FFED2CC6265693C600903874 /* DailyWeatherView.swift */,
				FFED2CC92656958F00903874 /* CityView.swift */,
			);
			path = Views;
			sourceTree = "<group>";
		};
		FFED2C6A26564D8200903874 /* ViewModels */ = {
			isa = PBXGroup;
			children = (
				FFED2C892656648F00903874 /* CityViewViewModel.swift */,
			);
			path = ViewModels;
			sourceTree = "<group>";
		};
		FFED2C6B26564D8D00903874 /* LottieAnimations */ = {
			isa = PBXGroup;
			children = (
				FFED2C962656853500903874 /* dayBrokenClouds.json */,
				FFED2C9E2656853500903874 /* dayClearSky.json */,
				FFED2CA12656853600903874 /* dayFewClouds.json */,
				FFED2CA02656853500903874 /* dayMist.json */,
				FFED2C952656853500903874 /* dayRain.json */,
				FFED2C992656853500903874 /* dayScatteredClouds.json */,
				FFED2C9C2656853500903874 /* dayShowerRains.json */,
				FFED2C9D2656853500903874 /* daySnow.json */,
				FFED2C982656853500903874 /* dayThunderstorm.json */,
				FFED2CA22656853600903874 /* nightBokenClouds.json */,
				FFED2CA32656853600903874 /* nightClearSky.json */,
				FFED2C972656853500903874 /* nightFewClouds.json */,
				FFED2C932656853400903874 /* nightMist.json */,
				FFED2C9F2656853500903874 /* nightRain.json */,
				FFED2C942656853400903874 /* nightScatteredClouds.json */,
				FFED2C9A2656853500903874 /* nightShowerRains.json */,
				FFED2C9B2656853500903874 /* nightSnow.json */,
				FFED2CA42656853600903874 /* nightThunderstorm.json */,
			);
			path = LottieAnimations;
			sourceTree = "<group>";
		};
/* End PBXGroup section */

/* Begin PBXNativeTarget section */
		FF285D8B2653B45800EFB2B2 /* SwiftUI-WeatherApp */ = {
			isa = PBXNativeTarget;
			buildConfigurationList = FF285D9B2653B45A00EFB2B2 /* Build configuration list for PBXNativeTarget "SwiftUI-WeatherApp" */;
			buildPhases = (
				FF285D882653B45800EFB2B2 /* Sources */,
				FF285D892653B45800EFB2B2 /* Frameworks */,
				FF285D8A2653B45800EFB2B2 /* Resources */,
			);
			buildRules = (
			);
			dependencies = (
			);
			name = "SwiftUI-WeatherApp";
			packageProductDependencies = (
				FFED2C8D2656756900903874 /* Lottie */,
			);
			productName = "SwiftUI-WeatherApp";
			productReference = FF285D8C2653B45800EFB2B2 /* SwiftUI-WeatherApp.app */;
			productType = "com.apple.product-type.application";
		};
/* End PBXNativeTarget section */

/* Begin PBXProject section */
		FF285D842653B45800EFB2B2 /* Project object */ = {
			isa = PBXProject;
			attributes = {
				LastSwiftUpdateCheck = 1240;
				LastUpgradeCheck = 1240;
				TargetAttributes = {
					FF285D8B2653B45800EFB2B2 = {
						CreatedOnToolsVersion = 12.4;
					};
				};
			};
			buildConfigurationList = FF285D872653B45800EFB2B2 /* Build configuration list for PBXProject "SwiftUI-WeatherApp" */;
			compatibilityVersion = "Xcode 9.3";
			developmentRegion = en;
			hasScannedForEncodings = 0;
			knownRegions = (
				en,
				Base,
			);
			mainGroup = FF285D832653B45800EFB2B2;
			packageReferences = (
				FFED2C8C2656756900903874 /* XCRemoteSwiftPackageReference "lottie-ios" */,
			);
			productRefGroup = FF285D8D2653B45800EFB2B2 /* Products */;
			projectDirPath = "";
			projectRoot = "";
			targets = (
				FF285D8B2653B45800EFB2B2 /* SwiftUI-WeatherApp */,
			);
		};
/* End PBXProject section */

/* Begin PBXResourcesBuildPhase section */
		FF285D8A2653B45800EFB2B2 /* Resources */ = {
			isa = PBXResourcesBuildPhase;
			buildActionMask = 2147483647;
			files = (
				FFED2CB42656853600903874 /* nightBokenClouds.json in Resources */,
				FFED2CA62656853600903874 /* nightScatteredClouds.json in Resources */,
				FFED2CB32656853600903874 /* dayFewClouds.json in Resources */,
				FFED2CAA2656853600903874 /* dayThunderstorm.json in Resources */,
				FFED2CA82656853600903874 /* dayBrokenClouds.json in Resources */,
				FF285D972653B45A00EFB2B2 /* Preview Assets.xcassets in Resources */,
				FFED2CB12656853600903874 /* nightRain.json in Resources */,
				FFED2CA92656853600903874 /* nightFewClouds.json in Resources */,
				FF285D942653B45A00EFB2B2 /* Assets.xcassets in Resources */,
				FFED2CAE2656853600903874 /* dayShowerRains.json in Resources */,
				FFED2CA52656853600903874 /* nightMist.json in Resources */,
				FFED2CA72656853600903874 /* dayRain.json in Resources */,
				FFED2CAC2656853600903874 /* nightShowerRains.json in Resources */,
				FFED2CB02656853600903874 /* dayClearSky.json in Resources */,
				FFED2CAB2656853600903874 /* dayScatteredClouds.json in Resources */,
				FFED2CB62656853600903874 /* nightThunderstorm.json in Resources */,
				FFED2CB52656853600903874 /* nightClearSky.json in Resources */,
				FFED2CAD2656853600903874 /* nightSnow.json in Resources */,
				FFED2CAF2656853600903874 /* daySnow.json in Resources */,
				FFED2CB22656853600903874 /* dayMist.json in Resources */,
			);
			runOnlyForDeploymentPostprocessing = 0;
		};
/* End PBXResourcesBuildPhase section */

/* Begin PBXSourcesBuildPhase section */
		FF285D882653B45800EFB2B2 /* Sources */ = {
			isa = PBXSourcesBuildPhase;
			buildActionMask = 2147483647;
			files = (
				FFED2CC7265693C600903874 /* DailyWeatherView.swift in Sources */,
				FFED2CC326568FD600903874 /* HourlyWeatherView.swift in Sources */,
				FFED2C7526564EDC00903874 /* APIExtensions.swift in Sources */,
				FFED2C8A2656648F00903874 /* CityViewViewModel.swift in Sources */,
				FFED2C812656570000903874 /* WeatherDetail.swift in Sources */,
				FFED2CC026568B3900903874 /* PresentDayWeatherView.swift in Sources */,
				FFED2C7B2656567100903874 /* WeatherResponse.swift in Sources */,
				FFED2CCA2656958F00903874 /* CityView.swift in Sources */,
				FF285D922653B45800EFB2B2 /* ContentView.swift in Sources */,
				FFED2C782656514700903874 /* NetworkManager.swift in Sources */,
				FFED2CBD26568A3E00903874 /* CityNameView.swift in Sources */,
				FFED2C7226564E6D00903874 /* API.swift in Sources */,
				FFED2CBA265686F300903874 /* MenuHeaderView.swift in Sources */,
				FF285D902653B45800EFB2B2 /* SwiftUI_WeatherAppApp.swift in Sources */,
				FFED2C7E265656F000903874 /* Weather.swift in Sources */,
				FFED2C872656572200903874 /* Temperature.swift in Sources */,
				FFED2C842656570D00903874 /* DailyWeather.swift in Sources */,
				FFED2C912656762700903874 /* LottieView.swift in Sources */,
			);
			runOnlyForDeploymentPostprocessing = 0;
		};
/* End PBXSourcesBuildPhase section */

/* Begin XCBuildConfiguration section */
		FF285D992653B45A00EFB2B2 /* Debug */ = {
			isa = XCBuildConfiguration;
			buildSettings = {
				ALWAYS_SEARCH_USER_PATHS = NO;
				CLANG_ANALYZER_NONNULL = YES;
				CLANG_ANALYZER_NUMBER_OBJECT_CONVERSION = YES_AGGRESSIVE;
				CLANG_CXX_LANGUAGE_STANDARD = "gnu++14";
				CLANG_CXX_LIBRARY = "libc++";
				CLANG_ENABLE_MODULES = YES;
				CLANG_ENABLE_OBJC_ARC = YES;
				CLANG_ENABLE_OBJC_WEAK = YES;
				CLANG_WARN_BLOCK_CAPTURE_AUTORELEASING = YES;
				CLANG_WARN_BOOL_CONVERSION = YES;
				CLANG_WARN_COMMA = YES;
				CLANG_WARN_CONSTANT_CONVERSION = YES;
				CLANG_WARN_DEPRECATED_OBJC_IMPLEMENTATIONS = YES;
				CLANG_WARN_DIRECT_OBJC_ISA_USAGE = YES_ERROR;
				CLANG_WARN_DOCUMENTATION_COMMENTS = YES;
				CLANG_WARN_EMPTY_BODY = YES;
				CLANG_WARN_ENUM_CONVERSION = YES;
				CLANG_WARN_INFINITE_RECURSION = YES;
				CLANG_WARN_INT_CONVERSION = YES;
				CLANG_WARN_NON_LITERAL_NULL_CONVERSION = YES;
				CLANG_WARN_OBJC_IMPLICIT_RETAIN_SELF = YES;
				CLANG_WARN_OBJC_LITERAL_CONVERSION = YES;
				CLANG_WARN_OBJC_ROOT_CLASS = YES_ERROR;
				CLANG_WARN_QUOTED_INCLUDE_IN_FRAMEWORK_HEADER = YES;
				CLANG_WARN_RANGE_LOOP_ANALYSIS = YES;
				CLANG_WARN_STRICT_PROTOTYPES = YES;
				CLANG_WARN_SUSPICIOUS_MOVE = YES;
				CLANG_WARN_UNGUARDED_AVAILABILITY = YES_AGGRESSIVE;
				CLANG_WARN_UNREACHABLE_CODE = YES;
				CLANG_WARN__DUPLICATE_METHOD_MATCH = YES;
				COPY_PHASE_STRIP = NO;
				DEBUG_INFORMATION_FORMAT = dwarf;
				ENABLE_STRICT_OBJC_MSGSEND = YES;
				ENABLE_TESTABILITY = YES;
				GCC_C_LANGUAGE_STANDARD = gnu11;
				GCC_DYNAMIC_NO_PIC = NO;
				GCC_NO_COMMON_BLOCKS = YES;
				GCC_OPTIMIZATION_LEVEL = 0;
				GCC_PREPROCESSOR_DEFINITIONS = (
					"DEBUG=1",
					"$(inherited)",
				);
				GCC_WARN_64_TO_32_BIT_CONVERSION = YES;
				GCC_WARN_ABOUT_RETURN_TYPE = YES_ERROR;
				GCC_WARN_UNDECLARED_SELECTOR = YES;
				GCC_WARN_UNINITIALIZED_AUTOS = YES_AGGRESSIVE;
				GCC_WARN_UNUSED_FUNCTION = YES;
				GCC_WARN_UNUSED_VARIABLE = YES;
				IPHONEOS_DEPLOYMENT_TARGET = 14.4;
				MTL_ENABLE_DEBUG_INFO = INCLUDE_SOURCE;
				MTL_FAST_MATH = YES;
				ONLY_ACTIVE_ARCH = YES;
				SDKROOT = iphoneos;
				SWIFT_ACTIVE_COMPILATION_CONDITIONS = DEBUG;
				SWIFT_OPTIMIZATION_LEVEL = "-Onone";
			};
			name = Debug;
		};
		FF285D9A2653B45A00EFB2B2 /* Release */ = {
			isa = XCBuildConfiguration;
			buildSettings = {
				ALWAYS_SEARCH_USER_PATHS = NO;
				CLANG_ANALYZER_NONNULL = YES;
				CLANG_ANALYZER_NUMBER_OBJECT_CONVERSION = YES_AGGRESSIVE;
				CLANG_CXX_LANGUAGE_STANDARD = "gnu++14";
				CLANG_CXX_LIBRARY = "libc++";
				CLANG_ENABLE_MODULES = YES;
				CLANG_ENABLE_OBJC_ARC = YES;
				CLANG_ENABLE_OBJC_WEAK = YES;
				CLANG_WARN_BLOCK_CAPTURE_AUTORELEASING = YES;
				CLANG_WARN_BOOL_CONVERSION = YES;
				CLANG_WARN_COMMA = YES;
				CLANG_WARN_CONSTANT_CONVERSION = YES;
				CLANG_WARN_DEPRECATED_OBJC_IMPLEMENTATIONS = YES;
				CLANG_WARN_DIRECT_OBJC_ISA_USAGE = YES_ERROR;
				CLANG_WARN_DOCUMENTATION_COMMENTS = YES;
				CLANG_WARN_EMPTY_BODY = YES;
				CLANG_WARN_ENUM_CONVERSION = YES;
				CLANG_WARN_INFINITE_RECURSION = YES;
				CLANG_WARN_INT_CONVERSION = YES;
				CLANG_WARN_NON_LITERAL_NULL_CONVERSION = YES;
				CLANG_WARN_OBJC_IMPLICIT_RETAIN_SELF = YES;
				CLANG_WARN_OBJC_LITERAL_CONVERSION = YES;
				CLANG_WARN_OBJC_ROOT_CLASS = YES_ERROR;
				CLANG_WARN_QUOTED_INCLUDE_IN_FRAMEWORK_HEADER = YES;
				CLANG_WARN_RANGE_LOOP_ANALYSIS = YES;
				CLANG_WARN_STRICT_PROTOTYPES = YES;
				CLANG_WARN_SUSPICIOUS_MOVE = YES;
				CLANG_WARN_UNGUARDED_AVAILABILITY = YES_AGGRESSIVE;
				CLANG_WARN_UNREACHABLE_CODE = YES;
				CLANG_WARN__DUPLICATE_METHOD_MATCH = YES;
				COPY_PHASE_STRIP = NO;
				DEBUG_INFORMATION_FORMAT = "dwarf-with-dsym";
				ENABLE_NS_ASSERTIONS = NO;
				ENABLE_STRICT_OBJC_MSGSEND = YES;
				GCC_C_LANGUAGE_STANDARD = gnu11;
				GCC_NO_COMMON_BLOCKS = YES;
				GCC_WARN_64_TO_32_BIT_CONVERSION = YES;
				GCC_WARN_ABOUT_RETURN_TYPE = YES_ERROR;
				GCC_WARN_UNDECLARED_SELECTOR = YES;
				GCC_WARN_UNINITIALIZED_AUTOS = YES_AGGRESSIVE;
				GCC_WARN_UNUSED_FUNCTION = YES;
				GCC_WARN_UNUSED_VARIABLE = YES;
				IPHONEOS_DEPLOYMENT_TARGET = 14.4;
				MTL_ENABLE_DEBUG_INFO = NO;
				MTL_FAST_MATH = YES;
				SDKROOT = iphoneos;
				SWIFT_COMPILATION_MODE = wholemodule;
				SWIFT_OPTIMIZATION_LEVEL = "-O";
				VALIDATE_PRODUCT = YES;
			};
			name = Release;
		};
		FF285D9C2653B45A00EFB2B2 /* Debug */ = {
			isa = XCBuildConfiguration;
			buildSettings = {
				ASSETCATALOG_COMPILER_APPICON_NAME = AppIcon;
				ASSETCATALOG_COMPILER_GLOBAL_ACCENT_COLOR_NAME = AccentColor;
				CODE_SIGN_STYLE = Automatic;
				DEVELOPMENT_ASSET_PATHS = "\"SwiftUI-WeatherApp/Preview Content\"";
				DEVELOPMENT_TEAM = VGF6Q9433U;
				ENABLE_PREVIEWS = YES;
				INFOPLIST_FILE = "SwiftUI-WeatherApp/Info.plist";
				IPHONEOS_DEPLOYMENT_TARGET = 14.0;
				LD_RUNPATH_SEARCH_PATHS = (
					"$(inherited)",
					"@executable_path/Frameworks",
				);
				PRODUCT_BUNDLE_IDENTIFIER = "mefahimrahman.SwiftUI-WeatherApp";
				PRODUCT_NAME = "$(TARGET_NAME)";
				SWIFT_VERSION = 5.0;
				TARGETED_DEVICE_FAMILY = "1,2";
			};
			name = Debug;
		};
		FF285D9D2653B45A00EFB2B2 /* Release */ = {
			isa = XCBuildConfiguration;
			buildSettings = {
				ASSETCATALOG_COMPILER_APPICON_NAME = AppIcon;
				ASSETCATALOG_COMPILER_GLOBAL_ACCENT_COLOR_NAME = AccentColor;
				CODE_SIGN_STYLE = Automatic;
				DEVELOPMENT_ASSET_PATHS = "\"SwiftUI-WeatherApp/Preview Content\"";
				DEVELOPMENT_TEAM = VGF6Q9433U;
				ENABLE_PREVIEWS = YES;
				INFOPLIST_FILE = "SwiftUI-WeatherApp/Info.plist";
				IPHONEOS_DEPLOYMENT_TARGET = 14.0;
				LD_RUNPATH_SEARCH_PATHS = (
					"$(inherited)",
					"@executable_path/Frameworks",
				);
				PRODUCT_BUNDLE_IDENTIFIER = "mefahimrahman.SwiftUI-WeatherApp";
				PRODUCT_NAME = "$(TARGET_NAME)";
				SWIFT_VERSION = 5.0;
				TARGETED_DEVICE_FAMILY = "1,2";
			};
			name = Release;
		};
/* End XCBuildConfiguration section */

/* Begin XCConfigurationList section */
		FF285D872653B45800EFB2B2 /* Build configuration list for PBXProject "SwiftUI-WeatherApp" */ = {
			isa = XCConfigurationList;
			buildConfigurations = (
				FF285D992653B45A00EFB2B2 /* Debug */,
				FF285D9A2653B45A00EFB2B2 /* Release */,
			);
			defaultConfigurationIsVisible = 0;
			defaultConfigurationName = Release;
		};
		FF285D9B2653B45A00EFB2B2 /* Build configuration list for PBXNativeTarget "SwiftUI-WeatherApp" */ = {
			isa = XCConfigurationList;
			buildConfigurations = (
				FF285D9C2653B45A00EFB2B2 /* Debug */,
				FF285D9D2653B45A00EFB2B2 /* Release */,
			);
			defaultConfigurationIsVisible = 0;
			defaultConfigurationName = Release;
		};
/* End XCConfigurationList section */

/* Begin XCRemoteSwiftPackageReference section */
		FFED2C8C2656756900903874 /* XCRemoteSwiftPackageReference "lottie-ios" */ = {
			isa = XCRemoteSwiftPackageReference;
			repositoryURL = "https://github.com/airbnb/lottie-ios.git";
			requirement = {
				kind = upToNextMajorVersion;
				minimumVersion = 3.2.3;
			};
		};
/* End XCRemoteSwiftPackageReference section */

/* Begin XCSwiftPackageProductDependency section */
		FFED2C8D2656756900903874 /* Lottie */ = {
			isa = XCSwiftPackageProductDependency;
			package = FFED2C8C2656756900903874 /* XCRemoteSwiftPackageReference "lottie-ios" */;
			productName = Lottie;
		};
/* End XCSwiftPackageProductDependency section */
	};
	rootObject = FF285D842653B45800EFB2B2 /* Project object */;
}
